// !$*UTF8*$!
{
	archiveVersion = 1;
	classes = {
	};
	objectVersion = 56;
	objects = {

/* Begin PBXBuildFile section */
		B0AA118929FEF6E1009C0E05 /* StudyApp_RestartApp.swift in Sources */ = {isa = PBXBuildFile; fileRef = B0AA118829FEF6E1009C0E05 /* StudyApp_RestartApp.swift */; };
		B0AA118B29FEF6E1009C0E05 /* ContentView.swift in Sources */ = {isa = PBXBuildFile; fileRef = B0AA118A29FEF6E1009C0E05 /* ContentView.swift */; };
		B0AA118D29FEF6E2009C0E05 /* Assets.xcassets in Resources */ = {isa = PBXBuildFile; fileRef = B0AA118C29FEF6E2009C0E05 /* Assets.xcassets */; };
		B0AA119029FEF6E2009C0E05 /* Preview Assets.xcassets in Resources */ = {isa = PBXBuildFile; fileRef = B0AA118F29FEF6E2009C0E05 /* Preview Assets.xcassets */; };
		B0AA119829FEF7A2009C0E05 /* success.m4a in Resources */ = {isa = PBXBuildFile; fileRef = B0AA119629FEF7A2009C0E05 /* success.m4a */; };
		B0AA119929FEF7A2009C0E05 /* chimeup.mp3 in Resources */ = {isa = PBXBuildFile; fileRef = B0AA119729FEF7A2009C0E05 /* chimeup.mp3 */; };
		B0AA11A029FEF9B7009C0E05 /* OnboardingView.swift in Sources */ = {isa = PBXBuildFile; fileRef = B0AA119F29FEF9B7009C0E05 /* OnboardingView.swift */; };
		B0AA11A229FEF9C3009C0E05 /* HomeView.swift in Sources */ = {isa = PBXBuildFile; fileRef = B0AA11A129FEF9C3009C0E05 /* HomeView.swift */; };
		B0AA11A429FF09B5009C0E05 /* CircleGroupView.swift in Sources */ = {isa = PBXBuildFile; fileRef = B0AA11A329FF09B5009C0E05 /* CircleGroupView.swift */; };
		B0AA11A629FF226D009C0E05 /* AudioPlayer.swift in Sources */ = {isa = PBXBuildFile; fileRef = B0AA11A529FF226D009C0E05 /* AudioPlayer.swift */; };
/* End PBXBuildFile section */

/* Begin PBXFileReference section */
		B0AA118529FEF6E1009C0E05 /* StudyApp-Restart.app */ = {isa = PBXFileReference; explicitFileType = wrapper.application; includeInIndex = 0; path = "StudyApp-Restart.app"; sourceTree = BUILT_PRODUCTS_DIR; };
		B0AA118829FEF6E1009C0E05 /* StudyApp_RestartApp.swift */ = {isa = PBXFileReference; lastKnownFileType = sourcecode.swift; path = StudyApp_RestartApp.swift; sourceTree = "<group>"; };
		B0AA118A29FEF6E1009C0E05 /* ContentView.swift */ = {isa = PBXFileReference; lastKnownFileType = sourcecode.swift; path = ContentView.swift; sourceTree = "<group>"; };
		B0AA118C29FEF6E2009C0E05 /* Assets.xcassets */ = {isa = PBXFileReference; lastKnownFileType = folder.assetcatalog; path = Assets.xcassets; sourceTree = "<group>"; };
		B0AA118F29FEF6E2009C0E05 /* Preview Assets.xcassets */ = {isa = PBXFileReference; lastKnownFileType = folder.assetcatalog; path = "Preview Assets.xcassets"; sourceTree = "<group>"; };
		B0AA119629FEF7A2009C0E05 /* success.m4a */ = {isa = PBXFileReference; lastKnownFileType = file; path = success.m4a; sourceTree = "<group>"; };
		B0AA119729FEF7A2009C0E05 /* chimeup.mp3 */ = {isa = PBXFileReference; lastKnownFileType = audio.mp3; path = chimeup.mp3; sourceTree = "<group>"; };
		B0AA119E29FEF94F009C0E05 /* Info.plist */ = {isa = PBXFileReference; lastKnownFileType = text.plist; path = Info.plist; sourceTree = "<group>"; };
		B0AA119F29FEF9B7009C0E05 /* OnboardingView.swift */ = {isa = PBXFileReference; lastKnownFileType = sourcecode.swift; path = OnboardingView.swift; sourceTree = "<group>"; };
		B0AA11A129FEF9C3009C0E05 /* HomeView.swift */ = {isa = PBXFileReference; lastKnownFileType = sourcecode.swift; path = HomeView.swift; sourceTree = "<group>"; };
		B0AA11A329FF09B5009C0E05 /* CircleGroupView.swift */ = {isa = PBXFileReference; lastKnownFileType = sourcecode.swift; path = CircleGroupView.swift; sourceTree = "<group>"; };
		B0AA11A529FF226D009C0E05 /* AudioPlayer.swift */ = {isa = PBXFileReference; lastKnownFileType = sourcecode.swift; path = AudioPlayer.swift; sourceTree = "<group>"; };
/* End PBXFileReference section */

/* Begin PBXFrameworksBuildPhase section */
		B0AA118229FEF6E1009C0E05 /* Frameworks */ = {
			isa = PBXFrameworksBuildPhase;
			buildActionMask = 2147483647;
			files = (
			);
			runOnlyForDeploymentPostprocessing = 0;
		};
/* End PBXFrameworksBuildPhase section */

/* Begin PBXGroup section */
		B0AA117C29FEF6E1009C0E05 = {
			isa = PBXGroup;
			children = (
				B0AA118729FEF6E1009C0E05 /* StudyApp-Restart */,
				B0AA118629FEF6E1009C0E05 /* Products */,
			);
			sourceTree = "<group>";
		};
		B0AA118629FEF6E1009C0E05 /* Products */ = {
			isa = PBXGroup;
			children = (
				B0AA118529FEF6E1009C0E05 /* StudyApp-Restart.app */,
			);
			name = Products;
			sourceTree = "<group>";
		};
		B0AA118729FEF6E1009C0E05 /* StudyApp-Restart */ = {
			isa = PBXGroup;
			children = (
				B0AA119E29FEF94F009C0E05 /* Info.plist */,
				B0AA119D29FEF8AB009C0E05 /* Utilities */,
				B0AA119C29FEF89F009C0E05 /* Views */,
				B0AA119A29FEF7B1009C0E05 /* Sounds */,
				B0AA119B29FEF88E009C0E05 /* Screens */,
				B0AA118C29FEF6E2009C0E05 /* Assets.xcassets */,
				B0AA118E29FEF6E2009C0E05 /* Preview Content */,
			);
			path = "StudyApp-Restart";
			sourceTree = "<group>";
		};
		B0AA118E29FEF6E2009C0E05 /* Preview Content */ = {
			isa = PBXGroup;
			children = (
				B0AA118F29FEF6E2009C0E05 /* Preview Assets.xcassets */,
			);
			path = "Preview Content";
			sourceTree = "<group>";
		};
		B0AA119A29FEF7B1009C0E05 /* Sounds */ = {
			isa = PBXGroup;
			children = (
				B0AA119729FEF7A2009C0E05 /* chimeup.mp3 */,
				B0AA119629FEF7A2009C0E05 /* success.m4a */,
			);
			path = Sounds;
			sourceTree = "<group>";
		};
		B0AA119B29FEF88E009C0E05 /* Screens */ = {
			isa = PBXGroup;
			children = (
				B0AA118A29FEF6E1009C0E05 /* ContentView.swift */,
				B0AA118829FEF6E1009C0E05 /* StudyApp_RestartApp.swift */,
				B0AA119F29FEF9B7009C0E05 /* OnboardingView.swift */,
				B0AA11A129FEF9C3009C0E05 /* HomeView.swift */,
			);
			path = Screens;
			sourceTree = "<group>";
		};
		B0AA119C29FEF89F009C0E05 /* Views */ = {
			isa = PBXGroup;
			children = (
				B0AA11A329FF09B5009C0E05 /* CircleGroupView.swift */,
			);
			path = Views;
			sourceTree = "<group>";
		};
		B0AA119D29FEF8AB009C0E05 /* Utilities */ = {
			isa = PBXGroup;
			children = (
				B0AA11A529FF226D009C0E05 /* AudioPlayer.swift */,
			);
			path = Utilities;
			sourceTree = "<group>";
		};
/* End PBXGroup section */

/* Begin PBXNativeTarget section */
		B0AA118429FEF6E1009C0E05 /* StudyApp-Restart */ = {
			isa = PBXNativeTarget;
			buildConfigurationList = B0AA119329FEF6E2009C0E05 /* Build configuration list for PBXNativeTarget "StudyApp-Restart" */;
			buildPhases = (
				B0AA118129FEF6E1009C0E05 /* Sources */,
				B0AA118229FEF6E1009C0E05 /* Frameworks */,
				B0AA118329FEF6E1009C0E05 /* Resources */,
			);
			buildRules = (
			);
			dependencies = (
			);
			name = "StudyApp-Restart";
			productName = "StudyApp-Restart";
			productReference = B0AA118529FEF6E1009C0E05 /* StudyApp-Restart.app */;
			productType = "com.apple.product-type.application";
		};
/* End PBXNativeTarget section */

/* Begin PBXProject section */
		B0AA117D29FEF6E1009C0E05 /* Project object */ = {
			isa = PBXProject;
			attributes = {
				BuildIndependentTargetsInParallel = 1;
				LastSwiftUpdateCheck = 1430;
				LastUpgradeCheck = 1430;
				TargetAttributes = {
					B0AA118429FEF6E1009C0E05 = {
						CreatedOnToolsVersion = 14.3;
					};
				};
			};
			buildConfigurationList = B0AA118029FEF6E1009C0E05 /* Build configuration list for PBXProject "StudyApp-Restart" */;
			compatibilityVersion = "Xcode 14.0";
			developmentRegion = en;
			hasScannedForEncodings = 0;
			knownRegions = (
				en,
				Base,
			);
			mainGroup = B0AA117C29FEF6E1009C0E05;
			productRefGroup = B0AA118629FEF6E1009C0E05 /* Products */;
			projectDirPath = "";
			projectRoot = "";
			targets = (
				B0AA118429FEF6E1009C0E05 /* StudyApp-Restart */,
			);
		};
/* End PBXProject section */

/* Begin PBXResourcesBuildPhase section */
		B0AA118329FEF6E1009C0E05 /* Resources */ = {
			isa = PBXResourcesBuildPhase;
			buildActionMask = 2147483647;
			files = (
				B0AA119929FEF7A2009C0E05 /* chimeup.mp3 in Resources */,
				B0AA119029FEF6E2009C0E05 /* Preview Assets.xcassets in Resources */,
				B0AA119829FEF7A2009C0E05 /* success.m4a in Resources */,
				B0AA118D29FEF6E2009C0E05 /* Assets.xcassets in Resources */,
			);
			runOnlyForDeploymentPostprocessing = 0;
		};
/* End PBXResourcesBuildPhase section */

/* Begin PBXSourcesBuildPhase section */
		B0AA118129FEF6E1009C0E05 /* Sources */ = {
			isa = PBXSourcesBuildPhase;
			buildActionMask = 2147483647;
			files = (
				B0AA11A429FF09B5009C0E05 /* CircleGroupView.swift in Sources */,
				B0AA11A029FEF9B7009C0E05 /* OnboardingView.swift in Sources */,
				B0AA11A229FEF9C3009C0E05 /* HomeView.swift in Sources */,
				B0AA118B29FEF6E1009C0E05 /* ContentView.swift in Sources */,
				B0AA118929FEF6E1009C0E05 /* StudyApp_RestartApp.swift in Sources */,
				B0AA11A629FF226D009C0E05 /* AudioPlayer.swift in Sources */,
			);
			runOnlyForDeploymentPostprocessing = 0;
		};
/* End PBXSourcesBuildPhase section */

/* Begin XCBuildConfiguration section */
		B0AA119129FEF6E2009C0E05 /* Debug */ = {
			isa = XCBuildConfiguration;
			buildSettings = {
				ALWAYS_SEARCH_USER_PATHS = NO;
				CLANG_ANALYZER_NONNULL = YES;
				CLANG_ANALYZER_NUMBER_OBJECT_CONVERSION = YES_AGGRESSIVE;
				CLANG_CXX_LANGUAGE_STANDARD = "gnu++20";
				CLANG_ENABLE_MODULES = YES;
				CLANG_ENABLE_OBJC_ARC = YES;
				CLANG_ENABLE_OBJC_WEAK = YES;
				CLANG_WARN_BLOCK_CAPTURE_AUTORELEASING = YES;
				CLANG_WARN_BOOL_CONVERSION = YES;
				CLANG_WARN_COMMA = YES;
				CLANG_WARN_CONSTANT_CONVERSION = YES;
				CLANG_WARN_DEPRECATED_OBJC_IMPLEMENTATIONS = YES;
				CLANG_WARN_DIRECT_OBJC_ISA_USAGE = YES_ERROR;
				CLANG_WARN_DOCUMENTATION_COMMENTS = YES;
				CLANG_WARN_EMPTY_BODY = YES;
				CLANG_WARN_ENUM_CONVERSION = YES;
				CLANG_WARN_INFINITE_RECURSION = YES;
				CLANG_WARN_INT_CONVERSION = YES;
				CLANG_WARN_NON_LITERAL_NULL_CONVERSION = YES;
				CLANG_WARN_OBJC_IMPLICIT_RETAIN_SELF = YES;
				CLANG_WARN_OBJC_LITERAL_CONVERSION = YES;
				CLANG_WARN_OBJC_ROOT_CLASS = YES_ERROR;
				CLANG_WARN_QUOTED_INCLUDE_IN_FRAMEWORK_HEADER = YES;
				CLANG_WARN_RANGE_LOOP_ANALYSIS = YES;
				CLANG_WARN_STRICT_PROTOTYPES = YES;
				CLANG_WARN_SUSPICIOUS_MOVE = YES;
				CLANG_WARN_UNGUARDED_AVAILABILITY = YES_AGGRESSIVE;
				CLANG_WARN_UNREACHABLE_CODE = YES;
				CLANG_WARN__DUPLICATE_METHOD_MATCH = YES;
				COPY_PHASE_STRIP = NO;
				DEBUG_INFORMATION_FORMAT = dwarf;
				ENABLE_STRICT_OBJC_MSGSEND = YES;
				ENABLE_TESTABILITY = YES;
				GCC_C_LANGUAGE_STANDARD = gnu11;
				GCC_DYNAMIC_NO_PIC = NO;
				GCC_NO_COMMON_BLOCKS = YES;
				GCC_OPTIMIZATION_LEVEL = 0;
				GCC_PREPROCESSOR_DEFINITIONS = (
					"DEBUG=1",
					"$(inherited)",
				);
				GCC_WARN_64_TO_32_BIT_CONVERSION = YES;
				GCC_WARN_ABOUT_RETURN_TYPE = YES_ERROR;
				GCC_WARN_UNDECLARED_SELECTOR = YES;
				GCC_WARN_UNINITIALIZED_AUTOS = YES_AGGRESSIVE;
				GCC_WARN_UNUSED_FUNCTION = YES;
				GCC_WARN_UNUSED_VARIABLE = YES;
				IPHONEOS_DEPLOYMENT_TARGET = 16.4;
				MTL_ENABLE_DEBUG_INFO = INCLUDE_SOURCE;
				MTL_FAST_MATH = YES;
				ONLY_ACTIVE_ARCH = YES;
				SDKROOT = iphoneos;
				SWIFT_ACTIVE_COMPILATION_CONDITIONS = DEBUG;
				SWIFT_OPTIMIZATION_LEVEL = "-Onone";
			};
			name = Debug;
		};
		B0AA119229FEF6E2009C0E05 /* Release */ = {
			isa = XCBuildConfiguration;
			buildSettings = {
				ALWAYS_SEARCH_USER_PATHS = NO;
				CLANG_ANALYZER_NONNULL = YES;
				CLANG_ANALYZER_NUMBER_OBJECT_CONVERSION = YES_AGGRESSIVE;
				CLANG_CXX_LANGUAGE_STANDARD = "gnu++20";
				CLANG_ENABLE_MODULES = YES;
				CLANG_ENABLE_OBJC_ARC = YES;
				CLANG_ENABLE_OBJC_WEAK = YES;
				CLANG_WARN_BLOCK_CAPTURE_AUTORELEASING = YES;
				CLANG_WARN_BOOL_CONVERSION = YES;
				CLANG_WARN_COMMA = YES;
				CLANG_WARN_CONSTANT_CONVERSION = YES;
				CLANG_WARN_DEPRECATED_OBJC_IMPLEMENTATIONS = YES;
				CLANG_WARN_DIRECT_OBJC_ISA_USAGE = YES_ERROR;
				CLANG_WARN_DOCUMENTATION_COMMENTS = YES;
				CLANG_WARN_EMPTY_BODY = YES;
				CLANG_WARN_ENUM_CONVERSION = YES;
				CLANG_WARN_INFINITE_RECURSION = YES;
				CLANG_WARN_INT_CONVERSION = YES;
				CLANG_WARN_NON_LITERAL_NULL_CONVERSION = YES;
				CLANG_WARN_OBJC_IMPLICIT_RETAIN_SELF = YES;
				CLANG_WARN_OBJC_LITERAL_CONVERSION = YES;
				CLANG_WARN_OBJC_ROOT_CLASS = YES_ERROR;
				CLANG_WARN_QUOTED_INCLUDE_IN_FRAMEWORK_HEADER = YES;
				CLANG_WARN_RANGE_LOOP_ANALYSIS = YES;
				CLANG_WARN_STRICT_PROTOTYPES = YES;
				CLANG_WARN_SUSPICIOUS_MOVE = YES;
				CLANG_WARN_UNGUARDED_AVAILABILITY = YES_AGGRESSIVE;
				CLANG_WARN_UNREACHABLE_CODE = YES;
				CLANG_WARN__DUPLICATE_METHOD_MATCH = YES;
				COPY_PHASE_STRIP = NO;
				DEBUG_INFORMATION_FORMAT = "dwarf-with-dsym";
				ENABLE_NS_ASSERTIONS = NO;
				ENABLE_STRICT_OBJC_MSGSEND = YES;
				GCC_C_LANGUAGE_STANDARD = gnu11;
				GCC_NO_COMMON_BLOCKS = YES;
				GCC_WARN_64_TO_32_BIT_CONVERSION = YES;
				GCC_WARN_ABOUT_RETURN_TYPE = YES_ERROR;
				GCC_WARN_UNDECLARED_SELECTOR = YES;
				GCC_WARN_UNINITIALIZED_AUTOS = YES_AGGRESSIVE;
				GCC_WARN_UNUSED_FUNCTION = YES;
				GCC_WARN_UNUSED_VARIABLE = YES;
				IPHONEOS_DEPLOYMENT_TARGET = 16.4;
				MTL_ENABLE_DEBUG_INFO = NO;
				MTL_FAST_MATH = YES;
				SDKROOT = iphoneos;
				SWIFT_COMPILATION_MODE = wholemodule;
				SWIFT_OPTIMIZATION_LEVEL = "-O";
				VALIDATE_PRODUCT = YES;
			};
			name = Release;
		};
		B0AA119429FEF6E2009C0E05 /* Debug */ = {
			isa = XCBuildConfiguration;
			buildSettings = {
				ASSETCATALOG_COMPILER_APPICON_NAME = AppIcon;
				ASSETCATALOG_COMPILER_GLOBAL_ACCENT_COLOR_NAME = AccentColor;
				CODE_SIGN_STYLE = Automatic;
				CURRENT_PROJECT_VERSION = 1;
				DEVELOPMENT_ASSET_PATHS = "\"StudyApp-Restart/Preview Content\"";
				DEVELOPMENT_TEAM = TU75X8S2M6;
				ENABLE_PREVIEWS = YES;
				GENERATE_INFOPLIST_FILE = YES;
				INFOPLIST_FILE = "StudyApp-Restart/Info.plist";
				INFOPLIST_KEY_UIApplicationSceneManifest_Generation = YES;
				INFOPLIST_KEY_UIApplicationSupportsIndirectInputEvents = YES;
				INFOPLIST_KEY_UISupportedInterfaceOrientations = UIInterfaceOrientationPortrait;
				INFOPLIST_KEY_UISupportedInterfaceOrientations_iPad = "UIInterfaceOrientationLandscapeLeft UIInterfaceOrientationLandscapeRight UIInterfaceOrientationPortrait UIInterfaceOrientationPortraitUpsideDown";
				IPHONEOS_DEPLOYMENT_TARGET = 15.0;
				LD_RUNPATH_SEARCH_PATHS = (
					"$(inherited)",
					"@executable_path/Frameworks",
				);
				MARKETING_VERSION = 1.0;
				PRODUCT_BUNDLE_IDENTIFIER = "com.eren.StudyApp-Restart";
				PRODUCT_NAME = "$(TARGET_NAME)";
				SWIFT_EMIT_LOC_STRINGS = YES;
				SWIFT_VERSION = 5.0;
				TARGETED_DEVICE_FAMILY = "1,2";
			};
			name = Debug;
		};
		B0AA119529FEF6E2009C0E05 /* Release */ = {
			isa = XCBuildConfiguration;
			buildSettings = {
				ASSETCATALOG_COMPILER_APPICON_NAME = AppIcon;
				ASSETCATALOG_COMPILER_GLOBAL_ACCENT_COLOR_NAME = AccentColor;
				CODE_SIGN_STYLE = Automatic;
				CURRENT_PROJECT_VERSION = 1;
				DEVELOPMENT_ASSET_PATHS = "\"StudyApp-Restart/Preview Content\"";
				DEVELOPMENT_TEAM = TU75X8S2M6;
				ENABLE_PREVIEWS = YES;
				GENERATE_INFOPLIST_FILE = YES;
				INFOPLIST_FILE = "StudyApp-Restart/Info.plist";
				INFOPLIST_KEY_UIApplicationSceneManifest_Generation = YES;
				INFOPLIST_KEY_UIApplicationSupportsIndirectInputEvents = YES;
				INFOPLIST_KEY_UISupportedInterfaceOrientations = UIInterfaceOrientationPortrait;
				INFOPLIST_KEY_UISupportedInterfaceOrientations_iPad = "UIInterfaceOrientationLandscapeLeft UIInterfaceOrientationLandscapeRight UIInterfaceOrientationPortrait UIInterfaceOrientationPortraitUpsideDown";
				IPHONEOS_DEPLOYMENT_TARGET = 15.0;
				LD_RUNPATH_SEARCH_PATHS = (
					"$(inherited)",
					"@executable_path/Frameworks",
				);
				MARKETING_VERSION = 1.0;
				PRODUCT_BUNDLE_IDENTIFIER = "com.eren.StudyApp-Restart";
				PRODUCT_NAME = "$(TARGET_NAME)";
				SWIFT_EMIT_LOC_STRINGS = YES;
				SWIFT_VERSION = 5.0;
				TARGETED_DEVICE_FAMILY = "1,2";
			};
			name = Release;
		};
/* End XCBuildConfiguration section */

/* Begin XCConfigurationList section */
		B0AA118029FEF6E1009C0E05 /* Build configuration list for PBXProject "StudyApp-Restart" */ = {
			isa = XCConfigurationList;
			buildConfigurations = (
				B0AA119129FEF6E2009C0E05 /* Debug */,
				B0AA119229FEF6E2009C0E05 /* Release */,
			);
			defaultConfigurationIsVisible = 0;
			defaultConfigurationName = Release;
		};
		B0AA119329FEF6E2009C0E05 /* Build configuration list for PBXNativeTarget "StudyApp-Restart" */ = {
			isa = XCConfigurationList;
			buildConfigurations = (
				B0AA119429FEF6E2009C0E05 /* Debug */,
				B0AA119529FEF6E2009C0E05 /* Release */,
			);
			defaultConfigurationIsVisible = 0;
			defaultConfigurationName = Release;
		};
/* End XCConfigurationList section */
	};
	rootObject = B0AA117D29FEF6E1009C0E05 /* Project object */;
}
